
Microsoft Visual Studio Solution File, Format Version 12.00
# Visual Studio Version 17
VisualStudioVersion = 17.6.33829.357
MinimumVisualStudioVersion = 10.0.40219.1
Project("{FAE04EC0-301F-11D3-BF4B-00C04F79EFBC}") = "ExercicioDeFixacao5-EstruturaSequencial3", "ExercicioDeFixacao5-EstruturaSequencial3\ExercicioDeFixacao5-EstruturaSequencial3.csproj", "{B2B0EA41-6BB7-41A3-B58A-3568883E7FD7}"
EndProject
Global
	GlobalSection(SolutionConfigurationPlatforms) = preSolution
		Debug|Any CPU = Debug|Any CPU
		Release|Any CPU = Release|Any CPU
	EndGlobalSection
	GlobalSection(ProjectConfigurationPlatforms) = postSolution
		{B2B0EA41-6BB7-41A3-B58A-3568883E7FD7}.Debug|Any CPU.ActiveCfg = Debug|Any CPU
		{B2B0EA41-6BB7-41A3-B58A-3568883E7FD7}.Debug|Any CPU.Build.0 = Debug|Any CPU
		{B2B0EA41-6BB7-41A3-B58A-3568883E7FD7}.Release|Any CPU.ActiveCfg = Release|Any CPU
		{B2B0EA41-6BB7-41A3-B58A-3568883E7FD7}.Release|Any CPU.Build.0 = Release|Any CPU
	EndGlobalSection
	GlobalSection(SolutionProperties) = preSolution
		HideSolutionNode = FALSE
	EndGlobalSection
	GlobalSection(ExtensibilityGlobals) = postSolution
		SolutionGuid = {7E059133-2427-4132-9890-9AE73986710A}
	EndGlobalSection
EndGlobal
